// !$*UTF8*$!
{
	archiveVersion = 1;
	classes = {
	};
	objectVersion = 46;
	objects = {

/* Begin PBXBuildFile section */
		7FAC309E1F1E6E2B00CA3D34 /* AppDelegate.swift in Sources */ = {isa = PBXBuildFile; fileRef = 7FAC309D1F1E6E2B00CA3D34 /* AppDelegate.swift */; };
		7FAC30A01F1E6E2B00CA3D34 /* ViewController.swift in Sources */ = {isa = PBXBuildFile; fileRef = 7FAC309F1F1E6E2B00CA3D34 /* ViewController.swift */; };
		7FAC30A31F1E6E2B00CA3D34 /* Main.storyboard in Resources */ = {isa = PBXBuildFile; fileRef = 7FAC30A11F1E6E2B00CA3D34 /* Main.storyboard */; };
		7FAC30A51F1E6E2B00CA3D34 /* Assets.xcassets in Resources */ = {isa = PBXBuildFile; fileRef = 7FAC30A41F1E6E2B00CA3D34 /* Assets.xcassets */; };
		7FAC30A81F1E6E2B00CA3D34 /* LaunchScreen.storyboard in Resources */ = {isa = PBXBuildFile; fileRef = 7FAC30A61F1E6E2B00CA3D34 /* LaunchScreen.storyboard */; };
/* End PBXBuildFile section */

/* Begin PBXFileReference section */
		7FAC309A1F1E6E2B00CA3D34 /* MComm.app */ = {isa = PBXFileReference; explicitFileType = wrapper.application; includeInIndex = 0; path = MComm.app; sourceTree = BUILT_PRODUCTS_DIR; };
		7FAC309D1F1E6E2B00CA3D34 /* AppDelegate.swift */ = {isa = PBXFileReference; lastKnownFileType = sourcecode.swift; path = AppDelegate.swift; sourceTree = "<group>"; };
		7FAC309F1F1E6E2B00CA3D34 /* ViewController.swift */ = {isa = PBXFileReference; lastKnownFileType = sourcecode.swift; path = ViewController.swift; sourceTree = "<group>"; };
		7FAC30A21F1E6E2B00CA3D34 /* Base */ = {isa = PBXFileReference; lastKnownFileType = file.storyboard; name = Base; path = Base.lproj/Main.storyboard; sourceTree = "<group>"; };
		7FAC30A41F1E6E2B00CA3D34 /* Assets.xcassets */ = {isa = PBXFileReference; lastKnownFileType = folder.assetcatalog; path = Assets.xcassets; sourceTree = "<group>"; };
		7FAC30A71F1E6E2B00CA3D34 /* Base */ = {isa = PBXFileReference; lastKnownFileType = file.storyboard; name = Base; path = Base.lproj/LaunchScreen.storyboard; sourceTree = "<group>"; };
		7FAC30A91F1E6E2B00CA3D34 /* Info.plist */ = {isa = PBXFileReference; lastKnownFileType = text.plist.xml; path = Info.plist; sourceTree = "<group>"; };
/* End PBXFileReference section */

/* Begin PBXFrameworksBuildPhase section */
		7FAC30971F1E6E2B00CA3D34 /* Frameworks */ = {
			isa = PBXFrameworksBuildPhase;
			buildActionMask = 2147483647;
			files = (
			);
			runOnlyForDeploymentPostprocessing = 0;
		};
/* End PBXFrameworksBuildPhase section */

/* Begin PBXGroup section */
		7FAC30911F1E6E2B00CA3D34 = {
			isa = PBXGroup;
			children = (
				7FAC309C1F1E6E2B00CA3D34 /* MComm */,
				7FAC309B1F1E6E2B00CA3D34 /* Products */,
			);
			sourceTree = "<group>";
		};
		7FAC309B1F1E6E2B00CA3D34 /* Products */ = {
			isa = PBXGroup;
			children = (
				7FAC309A1F1E6E2B00CA3D34 /* MComm.app */,
			);
			name = Products;
			sourceTree = "<group>";
		};
		7FAC309C1F1E6E2B00CA3D34 /* MComm */ = {
			isa = PBXGroup;
			children = (
				7FAC309D1F1E6E2B00CA3D34 /* AppDelegate.swift */,
				7FAC309F1F1E6E2B00CA3D34 /* ViewController.swift */,
				7FAC30A11F1E6E2B00CA3D34 /* Main.storyboard */,
				7FAC30A41F1E6E2B00CA3D34 /* Assets.xcassets */,
				7FAC30A61F1E6E2B00CA3D34 /* LaunchScreen.storyboard */,
				7FAC30A91F1E6E2B00CA3D34 /* Info.plist */,
			);
			path = MComm;
			sourceTree = "<group>";
		};
/* End PBXGroup section */

/* Begin PBXNativeTarget section */
		7FAC30991F1E6E2B00CA3D34 /* MComm */ = {
			isa = PBXNativeTarget;
			buildConfigurationList = 7FAC30AC1F1E6E2B00CA3D34 /* Build configuration list for PBXNativeTarget "MComm" */;
			buildPhases = (
				7FAC30961F1E6E2B00CA3D34 /* Sources */,
				7FAC30971F1E6E2B00CA3D34 /* Frameworks */,
				7FAC30981F1E6E2B00CA3D34 /* Resources */,
			);
			buildRules = (
			);
			dependencies = (
			);
			name = MComm;
			productName = MComm;
			productReference = 7FAC309A1F1E6E2B00CA3D34 /* MComm.app */;
			productType = "com.apple.product-type.application";
		};
/* End PBXNativeTarget section */

/* Begin PBXProject section */
		7FAC30921F1E6E2B00CA3D34 /* Project object */ = {
			isa = PBXProject;
			attributes = {
				LastSwiftUpdateCheck = 0830;
				LastUpgradeCheck = 0830;
				ORGANIZATIONNAME = Visa;
				TargetAttributes = {
					7FAC30991F1E6E2B00CA3D34 = {
						CreatedOnToolsVersion = 8.3.3;
						ProvisioningStyle = Automatic;
					};
				};
			};
			buildConfigurationList = 7FAC30951F1E6E2B00CA3D34 /* Build configuration list for PBXProject "MComm" */;
			compatibilityVersion = "Xcode 3.2";
			developmentRegion = English;
			hasScannedForEncodings = 0;
			knownRegions = (
				en,
				Base,
			);
			mainGroup = 7FAC30911F1E6E2B00CA3D34;
			productRefGroup = 7FAC309B1F1E6E2B00CA3D34 /* Products */;
			projectDirPath = "";
			projectRoot = "";
			targets = (
				7FAC30991F1E6E2B00CA3D34 /* MComm */,
			);
		};
/* End PBXProject section */

/* Begin PBXResourcesBuildPhase section */
		7FAC30981F1E6E2B00CA3D34 /* Resources */ = {
			isa = PBXResourcesBuildPhase;
			buildActionMask = 2147483647;
			files = (
				7FAC30A81F1E6E2B00CA3D34 /* LaunchScreen.storyboard in Resources */,
				7FAC30A51F1E6E2B00CA3D34 /* Assets.xcassets in Resources */,
				7FAC30A31F1E6E2B00CA3D34 /* Main.storyboard in Resources */,
			);
			runOnlyForDeploymentPostprocessing = 0;
		};
/* End PBXResourcesBuildPhase section */

/* Begin PBXSourcesBuildPhase section */
		7FAC30961F1E6E2B00CA3D34 /* Sources */ = {
			isa = PBXSourcesBuildPhase;
			buildActionMask = 2147483647;
			files = (
				7FAC30A01F1E6E2B00CA3D34 /* ViewController.swift in Sources */,
				7FAC309E1F1E6E2B00CA3D34 /* AppDelegate.swift in Sources */,
			);
			runOnlyForDeploymentPostprocessing = 0;
		};
/* End PBXSourcesBuildPhase section */

/* Begin PBXVariantGroup section */
		7FAC30A11F1E6E2B00CA3D34 /* Main.storyboard */ = {
			isa = PBXVariantGroup;
			children = (
				7FAC30A21F1E6E2B00CA3D34 /* Base */,
			);
			name = Main.storyboard;
			sourceTree = "<group>";
		};
		7FAC30A61F1E6E2B00CA3D34 /* LaunchScreen.storyboard */ = {
			isa = PBXVariantGroup;
			children = (
				7FAC30A71F1E6E2B00CA3D34 /* Base */,
			);
			name = LaunchScreen.storyboard;
			sourceTree = "<group>";
		};
/* End PBXVariantGroup section */

/* Begin XCBuildConfiguration section */
		7FAC30AA1F1E6E2B00CA3D34 /* Debug */ = {
			isa = XCBuildConfiguration;
			buildSettings = {
				ALWAYS_SEARCH_USER_PATHS = NO;
				CLANG_ANALYZER_NONNULL = YES;
				CLANG_ANALYZER_NUMBER_OBJECT_CONVERSION = YES_AGGRESSIVE;
				CLANG_CXX_LANGUAGE_STANDARD = "gnu++0x";
				CLANG_CXX_LIBRARY = "libc++";
				CLANG_ENABLE_MODULES = YES;
				CLANG_ENABLE_OBJC_ARC = YES;
				CLANG_WARN_BOOL_CONVERSION = YES;
				CLANG_WARN_CONSTANT_CONVERSION = YES;
				CLANG_WARN_DIRECT_OBJC_ISA_USAGE = YES_ERROR;
				CLANG_WARN_DOCUMENTATION_COMMENTS = YES;
				CLANG_WARN_EMPTY_BODY = YES;
				CLANG_WARN_ENUM_CONVERSION = YES;
				CLANG_WARN_INFINITE_RECURSION = YES;
				CLANG_WARN_INT_CONVERSION = YES;
				CLANG_WARN_OBJC_ROOT_CLASS = YES_ERROR;
				CLANG_WARN_SUSPICIOUS_MOVE = YES;
				CLANG_WARN_UNREACHABLE_CODE = YES;
				CLANG_WARN__DUPLICATE_METHOD_MATCH = YES;
				"CODE_SIGN_IDENTITY[sdk=iphoneos*]" = "iPhone Developer";
				COPY_PHASE_STRIP = NO;
				DEBUG_INFORMATION_FORMAT = dwarf;
				ENABLE_STRICT_OBJC_MSGSEND = YES;
				ENABLE_TESTABILITY = YES;
				GCC_C_LANGUAGE_STANDARD = gnu99;
				GCC_DYNAMIC_NO_PIC = NO;
				GCC_NO_COMMON_BLOCKS = YES;
				GCC_OPTIMIZATION_LEVEL = 0;
				GCC_PREPROCESSOR_DEFINITIONS = (
					"DEBUG=1",
					"$(inherited)",
				);
				GCC_WARN_64_TO_32_BIT_CONVERSION = YES;
				GCC_WARN_ABOUT_RETURN_TYPE = YES_ERROR;
				GCC_WARN_UNDECLARED_SELECTOR = YES;
				GCC_WARN_UNINITIALIZED_AUTOS = YES_AGGRESSIVE;
				GCC_WARN_UNUSED_FUNCTION = YES;
				GCC_WARN_UNUSED_VARIABLE = YES;
				IPHONEOS_DEPLOYMENT_TARGET = 10.3;
				MTL_ENABLE_DEBUG_INFO = YES;
				ONLY_ACTIVE_ARCH = YES;
				SDKROOT = iphoneos;
				SWIFT_ACTIVE_COMPILATION_CONDITIONS = DEBUG;
				SWIFT_OPTIMIZATION_LEVEL = "-Onone";
				TARGETED_DEVICE_FAMILY = "1,2";
			};
			name = Debug;
		};
		7FAC30AB1F1E6E2B00CA3D34 /* Release */ = {
			isa = XCBuildConfiguration;
			buildSettings = {
				ALWAYS_SEARCH_USER_PATHS = NO;
				CLANG_ANALYZER_NONNULL = YES;
				CLANG_ANALYZER_NUMBER_OBJECT_CONVERSION = YES_AGGRESSIVE;
				CLANG_CXX_LANGUAGE_STANDARD = "gnu++0x";
				CLANG_CXX_LIBRARY = "libc++";
				CLANG_ENABLE_MODULES = YES;
				CLANG_ENABLE_OBJC_ARC = YES;
				CLANG_WARN_BOOL_CONVERSION = YES;
				CLANG_WARN_CONSTANT_CONVERSION = YES;
				CLANG_WARN_DIRECT_OBJC_ISA_USAGE = YES_ERROR;
				CLANG_WARN_DOCUMENTATION_COMMENTS = YES;
				CLANG_WARN_EMPTY_BODY = YES;
				CLANG_WARN_ENUM_CONVERSION = YES;
				CLANG_WARN_INFINITE_RECURSION = YES;
				CLANG_WARN_INT_CONVERSION = YES;
				CLANG_WARN_OBJC_ROOT_CLASS = YES_ERROR;
				CLANG_WARN_SUSPICIOUS_MOVE = YES;
				CLANG_WARN_UNREACHABLE_CODE = YES;
				CLANG_WARN__DUPLICATE_METHOD_MATCH = YES;
				"CODE_SIGN_IDENTITY[sdk=iphoneos*]" = "iPhone Developer";
				COPY_PHASE_STRIP = NO;
				DEBUG_INFORMATION_FORMAT = "dwarf-with-dsym";
				ENABLE_NS_ASSERTIONS = NO;
				ENABLE_STRICT_OBJC_MSGSEND = YES;
				GCC_C_LANGUAGE_STANDARD = gnu99;
				GCC_NO_COMMON_BLOCKS = YES;
				GCC_WARN_64_TO_32_BIT_CONVERSION = YES;
				GCC_WARN_ABOUT_RETURN_TYPE = YES_ERROR;
				GCC_WARN_UNDECLARED_SELECTOR = YES;
				GCC_WARN_UNINITIALIZED_AUTOS = YES_AGGRESSIVE;
				GCC_WARN_UNUSED_FUNCTION = YES;
				GCC_WARN_UNUSED_VARIABLE = YES;
				IPHONEOS_DEPLOYMENT_TARGET = 10.3;
				MTL_ENABLE_DEBUG_INFO = NO;
				SDKROOT = iphoneos;
				SWIFT_OPTIMIZATION_LEVEL = "-Owholemodule";
				TARGETED_DEVICE_FAMILY = "1,2";
				VALIDATE_PRODUCT = YES;
			};
			name = Release;
		};
		7FAC30AD1F1E6E2B00CA3D34 /* Debug */ = {
			isa = XCBuildConfiguration;
			buildSettings = {
				ASSETCATALOG_COMPILER_APPICON_NAME = AppIcon;
				INFOPLIST_FILE = MComm/Info.plist;
				LD_RUNPATH_SEARCH_PATHS = "$(inherited) @executable_path/Frameworks";
				PRODUCT_BUNDLE_IDENTIFIER = Visa.MComm;
				PRODUCT_NAME = "$(TARGET_NAME)";
				SWIFT_VERSION = 3.0;
			};
			name = Debug;
		};
		7FAC30AE1F1E6E2B00CA3D34 /* Release */ = {
			isa = XCBuildConfiguration;
			buildSettings = {
				ASSETCATALOG_COMPILER_APPICON_NAME = AppIcon;
				INFOPLIST_FILE = MComm/Info.plist;
				LD_RUNPATH_SEARCH_PATHS = "$(inherited) @executable_path/Frameworks";
				PRODUCT_BUNDLE_IDENTIFIER = Visa.MComm;
				PRODUCT_NAME = "$(TARGET_NAME)";
				SWIFT_VERSION = 3.0;
			};
			name = Release;
		};
/* End XCBuildConfiguration section */

/* Begin XCConfigurationList section */
		7FAC30951F1E6E2B00CA3D34 /* Build configuration list for PBXProject "MComm" */ = {
			isa = XCConfigurationList;
			buildConfigurations = (
				7FAC30AA1F1E6E2B00CA3D34 /* Debug */,
				7FAC30AB1F1E6E2B00CA3D34 /* Release */,
			);
			defaultConfigurationIsVisible = 0;
			defaultConfigurationName = Release;
		};
		7FAC30AC1F1E6E2B00CA3D34 /* Build configuration list for PBXNativeTarget "MComm" */ = {
			isa = XCConfigurationList;
			buildConfigurations = (
				7FAC30AD1F1E6E2B00CA3D34 /* Debug */,
				7FAC30AE1F1E6E2B00CA3D34 /* Release */,
			);
			defaultConfigurationIsVisible = 0;
		};
/* End XCConfigurationList section */
	};
	rootObject = 7FAC30921F1E6E2B00CA3D34 /* Project object */;
}
